
Microsoft Visual Studio Solution File, Format Version 12.00
# Visual Studio 15
VisualStudioVersion = 15.0.28307.705
MinimumVisualStudioVersion = 10.0.40219.1
Project("{FAE04EC0-301F-11D3-BF4B-00C04F79EFBC}") = "MeyerWebService", "MeyerWebService\MeyerWebService.csproj", "{7EDBA7B6-7974-4EC2-A438-4BEDE28E8552}"
EndProject
Project("{FAE04EC0-301F-11D3-BF4B-00C04F79EFBC}") = "Playerconsumer", "Playerconsumer\Playerconsumer.csproj", "{FC1DC7F7-1D24-4317-A407-715B6A932B81}"
EndProject
Global
	GlobalSection(SolutionConfigurationPlatforms) = preSolution
		Debug|Any CPU = Debug|Any CPU
		Release|Any CPU = Release|Any CPU
	EndGlobalSection
	GlobalSection(ProjectConfigurationPlatforms) = postSolution
		{7EDBA7B6-7974-4EC2-A438-4BEDE28E8552}.Debug|Any CPU.ActiveCfg = Debug|Any CPU
		{7EDBA7B6-7974-4EC2-A438-4BEDE28E8552}.Debug|Any CPU.Build.0 = Debug|Any CPU
		{7EDBA7B6-7974-4EC2-A438-4BEDE28E8552}.Release|Any CPU.ActiveCfg = Release|Any CPU
		{7EDBA7B6-7974-4EC2-A438-4BEDE28E8552}.Release|Any CPU.Build.0 = Release|Any CPU
		{FC1DC7F7-1D24-4317-A407-715B6A932B81}.Debug|Any CPU.ActiveCfg = Debug|Any CPU
		{FC1DC7F7-1D24-4317-A407-715B6A932B81}.Debug|Any CPU.Build.0 = Debug|Any CPU
		{FC1DC7F7-1D24-4317-A407-715B6A932B81}.Release|Any CPU.ActiveCfg = Release|Any CPU
		{FC1DC7F7-1D24-4317-A407-715B6A932B81}.Release|Any CPU.Build.0 = Release|Any CPU
	EndGlobalSection
	GlobalSection(SolutionProperties) = preSolution
		HideSolutionNode = FALSE
	EndGlobalSection
	GlobalSection(ExtensibilityGlobals) = postSolution
		SolutionGuid = {5514B2BE-0783-4093-8E6B-71DAABD0E5D8}
	EndGlobalSection
EndGlobal
